<?xml version="1.0" encoding="UTF-8"?>
<Scheme
   version = "1.3">
   <BuildAction>
      <BuildActionEntries>
         <BuildActionEntry
            buildForRunning = "YES">
            <BuildableReference
               BuildableIdentifier = "primary"
               BlueprintIdentifier = "A58ADA8627B074DC00E5136A"
               BuildableName = "GimdowDemoApp.app"
               BlueprintName = "GimdowDemoApp"
               ReferencedContainer = "container:GimdowDemoApp.xcodeproj">
            </BuildableReference>
         </BuildActionEntry>
      </BuildActionEntries>
   </BuildAction>
   <LaunchAction
      useCustomWorkingDirectory = "NO"
      buildConfiguration = "Debug"
      allowLocationSimulation = "YES">
      <BuildableProductRunnable>
         <BuildableReference
            BuildableIdentifier = "primary"
            BlueprintIdentifier = "A58ADA8627B074DC00E5136A"
            BuildableName = "GimdowDemoApp.app"
            BlueprintName = "GimdowDemoApp"
            ReferencedContainer = "container:GimdowDemoApp.xcodeproj">
         </BuildableReference>
      </BuildableProductRunnable>
   </LaunchAction>
</Scheme>
